// !$*UTF8*$!
{
	archiveVersion = 1;
	classes = {
	};
	objectVersion = 46;
	objects = {

/* Begin PBXBuildFile section */
		BEBB0FA41D10E7B100F459D9 /* main.m in Sources */ = {isa = PBXBuildFile; fileRef = BEBB0FA31D10E7B100F459D9 /* main.m */; };
		BEBB0FA71D10E7B100F459D9 /* AppDelegate.m in Sources */ = {isa = PBXBuildFile; fileRef = BEBB0FA61D10E7B100F459D9 /* AppDelegate.m */; };
		BEBB0FAA1D10E7B100F459D9 /* ViewController.m in Sources */ = {isa = PBXBuildFile; fileRef = BEBB0FA91D10E7B100F459D9 /* ViewController.m */; };
		BEBB0FAD1D10E7B100F459D9 /* Main.storyboard in Resources */ = {isa = PBXBuildFile; fileRef = BEBB0FAB1D10E7B100F459D9 /* Main.storyboard */; };
		BEBB0FAF1D10E7B100F459D9 /* Assets.xcassets in Resources */ = {isa = PBXBuildFile; fileRef = BEBB0FAE1D10E7B100F459D9 /* Assets.xcassets */; };
		BEBB0FB21D10E7B100F459D9 /* LaunchScreen.storyboard in Resources */ = {isa = PBXBuildFile; fileRef = BEBB0FB01D10E7B100F459D9 /* LaunchScreen.storyboard */; };
/* End PBXBuildFile section */

/* Begin PBXFileReference section */
		BEBB0F9F1D10E7B000F459D9 /* ProgressBarExperiment.app */ = {isa = PBXFileReference; explicitFileType = wrapper.application; includeInIndex = 0; path = ProgressBarExperiment.app; sourceTree = BUILT_PRODUCTS_DIR; };
		BEBB0FA31D10E7B100F459D9 /* main.m */ = {isa = PBXFileReference; lastKnownFileType = sourcecode.c.objc; path = main.m; sourceTree = "<group>"; };
		BEBB0FA51D10E7B100F459D9 /* AppDelegate.h */ = {isa = PBXFileReference; lastKnownFileType = sourcecode.c.h; path = AppDelegate.h; sourceTree = "<group>"; };
		BEBB0FA61D10E7B100F459D9 /* AppDelegate.m */ = {isa = PBXFileReference; lastKnownFileType = sourcecode.c.objc; path = AppDelegate.m; sourceTree = "<group>"; };
		BEBB0FA81D10E7B100F459D9 /* ViewController.h */ = {isa = PBXFileReference; lastKnownFileType = sourcecode.c.h; path = ViewController.h; sourceTree = "<group>"; };
		BEBB0FA91D10E7B100F459D9 /* ViewController.m */ = {isa = PBXFileReference; lastKnownFileType = sourcecode.c.objc; path = ViewController.m; sourceTree = "<group>"; };
		BEBB0FAC1D10E7B100F459D9 /* Base */ = {isa = PBXFileReference; lastKnownFileType = file.storyboard; name = Base; path = Base.lproj/Main.storyboard; sourceTree = "<group>"; };
		BEBB0FAE1D10E7B100F459D9 /* Assets.xcassets */ = {isa = PBXFileReference; lastKnownFileType = folder.assetcatalog; path = Assets.xcassets; sourceTree = "<group>"; };
		BEBB0FB11D10E7B100F459D9 /* Base */ = {isa = PBXFileReference; lastKnownFileType = file.storyboard; name = Base; path = Base.lproj/LaunchScreen.storyboard; sourceTree = "<group>"; };
		BEBB0FB31D10E7B100F459D9 /* Info.plist */ = {isa = PBXFileReference; lastKnownFileType = text.plist.xml; path = Info.plist; sourceTree = "<group>"; };
/* End PBXFileReference section */

/* Begin PBXFrameworksBuildPhase section */
		BEBB0F9C1D10E7B000F459D9 /* Frameworks */ = {
			isa = PBXFrameworksBuildPhase;
			buildActionMask = 2147483647;
			files = (
			);
			runOnlyForDeploymentPostprocessing = 0;
		};
/* End PBXFrameworksBuildPhase section */

/* Begin PBXGroup section */
		BEBB0F961D10E7B000F459D9 = {
			isa = PBXGroup;
			children = (
				BEBB0FA11D10E7B100F459D9 /* ProgressBarExperiment */,
				BEBB0FA01D10E7B000F459D9 /* Products */,
			);
			sourceTree = "<group>";
		};
		BEBB0FA01D10E7B000F459D9 /* Products */ = {
			isa = PBXGroup;
			children = (
				BEBB0F9F1D10E7B000F459D9 /* ProgressBarExperiment.app */,
			);
			name = Products;
			sourceTree = "<group>";
		};
		BEBB0FA11D10E7B100F459D9 /* ProgressBarExperiment */ = {
			isa = PBXGroup;
			children = (
				BEBB0FA51D10E7B100F459D9 /* AppDelegate.h */,
				BEBB0FA61D10E7B100F459D9 /* AppDelegate.m */,
				BEBB0FA81D10E7B100F459D9 /* ViewController.h */,
				BEBB0FA91D10E7B100F459D9 /* ViewController.m */,
				BEBB0FAB1D10E7B100F459D9 /* Main.storyboard */,
				BEBB0FAE1D10E7B100F459D9 /* Assets.xcassets */,
				BEBB0FB01D10E7B100F459D9 /* LaunchScreen.storyboard */,
				BEBB0FB31D10E7B100F459D9 /* Info.plist */,
				BEBB0FA21D10E7B100F459D9 /* Supporting Files */,
			);
			path = ProgressBarExperiment;
			sourceTree = "<group>";
		};
		BEBB0FA21D10E7B100F459D9 /* Supporting Files */ = {
			isa = PBXGroup;
			children = (
				BEBB0FA31D10E7B100F459D9 /* main.m */,
			);
			name = "Supporting Files";
			sourceTree = "<group>";
		};
/* End PBXGroup section */

/* Begin PBXNativeTarget section */
		BEBB0F9E1D10E7B000F459D9 /* ProgressBarExperiment */ = {
			isa = PBXNativeTarget;
			buildConfigurationList = BEBB0FB61D10E7B100F459D9 /* Build configuration list for PBXNativeTarget "ProgressBarExperiment" */;
			buildPhases = (
				BEBB0F9B1D10E7B000F459D9 /* Sources */,
				BEBB0F9C1D10E7B000F459D9 /* Frameworks */,
				BEBB0F9D1D10E7B000F459D9 /* Resources */,
			);
			buildRules = (
			);
			dependencies = (
			);
			name = ProgressBarExperiment;
			productName = ProgressBarExperiment;
			productReference = BEBB0F9F1D10E7B000F459D9 /* ProgressBarExperiment.app */;
			productType = "com.apple.product-type.application";
		};
/* End PBXNativeTarget section */

/* Begin PBXProject section */
		BEBB0F971D10E7B000F459D9 /* Project object */ = {
			isa = PBXProject;
			attributes = {
				LastUpgradeCheck = 0730;
				ORGANIZATIONNAME = Murphlab;
				TargetAttributes = {
					BEBB0F9E1D10E7B000F459D9 = {
						CreatedOnToolsVersion = 7.3.1;
					};
				};
			};
			buildConfigurationList = BEBB0F9A1D10E7B000F459D9 /* Build configuration list for PBXProject "ProgressBarExperiment" */;
			compatibilityVersion = "Xcode 3.2";
			developmentRegion = English;
			hasScannedForEncodings = 0;
			knownRegions = (
				en,
				Base,
			);
			mainGroup = BEBB0F961D10E7B000F459D9;
			productRefGroup = BEBB0FA01D10E7B000F459D9 /* Products */;
			projectDirPath = "";
			projectRoot = "";
			targets = (
				BEBB0F9E1D10E7B000F459D9 /* ProgressBarExperiment */,
			);
		};
/* End PBXProject section */

/* Begin PBXResourcesBuildPhase section */
		BEBB0F9D1D10E7B000F459D9 /* Resources */ = {
			isa = PBXResourcesBuildPhase;
			buildActionMask = 2147483647;
			files = (
				BEBB0FB21D10E7B100F459D9 /* LaunchScreen.storyboard in Resources */,
				BEBB0FAF1D10E7B100F459D9 /* Assets.xcassets in Resources */,
				BEBB0FAD1D10E7B100F459D9 /* Main.storyboard in Resources */,
			);
			runOnlyForDeploymentPostprocessing = 0;
		};
/* End PBXResourcesBuildPhase section */

/* Begin PBXSourcesBuildPhase section */
		BEBB0F9B1D10E7B000F459D9 /* Sources */ = {
			isa = PBXSourcesBuildPhase;
			buildActionMask = 2147483647;
			files = (
				BEBB0FAA1D10E7B100F459D9 /* ViewController.m in Sources */,
				BEBB0FA71D10E7B100F459D9 /* AppDelegate.m in Sources */,
				BEBB0FA41D10E7B100F459D9 /* main.m in Sources */,
			);
			runOnlyForDeploymentPostprocessing = 0;
		};
/* End PBXSourcesBuildPhase section */

/* Begin PBXVariantGroup section */
		BEBB0FAB1D10E7B100F459D9 /* Main.storyboard */ = {
			isa = PBXVariantGroup;
			children = (
				BEBB0FAC1D10E7B100F459D9 /* Base */,
			);
			name = Main.storyboard;
			sourceTree = "<group>";
		};
		BEBB0FB01D10E7B100F459D9 /* LaunchScreen.storyboard */ = {
			isa = PBXVariantGroup;
			children = (
				BEBB0FB11D10E7B100F459D9 /* Base */,
			);
			name = LaunchScreen.storyboard;
			sourceTree = "<group>";
		};
/* End PBXVariantGroup section */

/* Begin XCBuildConfiguration section */
		BEBB0FB41D10E7B100F459D9 /* Debug */ = {
			isa = XCBuildConfiguration;
			buildSettings = {
				ALWAYS_SEARCH_USER_PATHS = NO;
				CLANG_ANALYZER_NONNULL = YES;
				CLANG_CXX_LANGUAGE_STANDARD = "gnu++0x";
				CLANG_CXX_LIBRARY = "libc++";
				CLANG_ENABLE_MODULES = YES;
				CLANG_ENABLE_OBJC_ARC = YES;
				CLANG_WARN_BOOL_CONVERSION = YES;
				CLANG_WARN_CONSTANT_CONVERSION = YES;
				CLANG_WARN_DIRECT_OBJC_ISA_USAGE = YES_ERROR;
				CLANG_WARN_EMPTY_BODY = YES;
				CLANG_WARN_ENUM_CONVERSION = YES;
				CLANG_WARN_INT_CONVERSION = YES;
				CLANG_WARN_OBJC_ROOT_CLASS = YES_ERROR;
				CLANG_WARN_UNREACHABLE_CODE = YES;
				CLANG_WARN__DUPLICATE_METHOD_MATCH = YES;
				"CODE_SIGN_IDENTITY[sdk=iphoneos*]" = "iPhone Developer";
				COPY_PHASE_STRIP = NO;
				DEBUG_INFORMATION_FORMAT = dwarf;
				ENABLE_STRICT_OBJC_MSGSEND = YES;
				ENABLE_TESTABILITY = YES;
				GCC_C_LANGUAGE_STANDARD = gnu99;
				GCC_DYNAMIC_NO_PIC = NO;
				GCC_NO_COMMON_BLOCKS = YES;
				GCC_OPTIMIZATION_LEVEL = 0;
				GCC_PREPROCESSOR_DEFINITIONS = (
					"DEBUG=1",
					"$(inherited)",
				);
				GCC_WARN_64_TO_32_BIT_CONVERSION = YES;
				GCC_WARN_ABOUT_RETURN_TYPE = YES_ERROR;
				GCC_WARN_UNDECLARED_SELECTOR = YES;
				GCC_WARN_UNINITIALIZED_AUTOS = YES_AGGRESSIVE;
				GCC_WARN_UNUSED_FUNCTION = YES;
				GCC_WARN_UNUSED_VARIABLE = YES;
				IPHONEOS_DEPLOYMENT_TARGET = 9.3;
				MTL_ENABLE_DEBUG_INFO = YES;
				ONLY_ACTIVE_ARCH = YES;
				SDKROOT = iphoneos;
				TARGETED_DEVICE_FAMILY = "1,2";
			};
			name = Debug;
		};
		BEBB0FB51D10E7B100F459D9 /* Release */ = {
			isa = XCBuildConfiguration;
			buildSettings = {
				ALWAYS_SEARCH_USER_PATHS = NO;
				CLANG_ANALYZER_NONNULL = YES;
				CLANG_CXX_LANGUAGE_STANDARD = "gnu++0x";
				CLANG_CXX_LIBRARY = "libc++";
				CLANG_ENABLE_MODULES = YES;
				CLANG_ENABLE_OBJC_ARC = YES;
				CLANG_WARN_BOOL_CONVERSION = YES;
				CLANG_WARN_CONSTANT_CONVERSION = YES;
				CLANG_WARN_DIRECT_OBJC_ISA_USAGE = YES_ERROR;
				CLANG_WARN_EMPTY_BODY = YES;
				CLANG_WARN_ENUM_CONVERSION = YES;
				CLANG_WARN_INT_CONVERSION = YES;
				CLANG_WARN_OBJC_ROOT_CLASS = YES_ERROR;
				CLANG_WARN_UNREACHABLE_CODE = YES;
				CLANG_WARN__DUPLICATE_METHOD_MATCH = YES;
				"CODE_SIGN_IDENTITY[sdk=iphoneos*]" = "iPhone Developer";
				COPY_PHASE_STRIP = NO;
				DEBUG_INFORMATION_FORMAT = "dwarf-with-dsym";
				ENABLE_NS_ASSERTIONS = NO;
				ENABLE_STRICT_OBJC_MSGSEND = YES;
				GCC_C_LANGUAGE_STANDARD = gnu99;
				GCC_NO_COMMON_BLOCKS = YES;
				GCC_WARN_64_TO_32_BIT_CONVERSION = YES;
				GCC_WARN_ABOUT_RETURN_TYPE = YES_ERROR;
				GCC_WARN_UNDECLARED_SELECTOR = YES;
				GCC_WARN_UNINITIALIZED_AUTOS = YES_AGGRESSIVE;
				GCC_WARN_UNUSED_FUNCTION = YES;
				GCC_WARN_UNUSED_VARIABLE = YES;
				IPHONEOS_DEPLOYMENT_TARGET = 9.3;
				MTL_ENABLE_DEBUG_INFO = NO;
				SDKROOT = iphoneos;
				TARGETED_DEVICE_FAMILY = "1,2";
				VALIDATE_PRODUCT = YES;
			};
			name = Release;
		};
		BEBB0FB71D10E7B100F459D9 /* Debug */ = {
			isa = XCBuildConfiguration;
			buildSettings = {
				ASSETCATALOG_COMPILER_APPICON_NAME = AppIcon;
				INFOPLIST_FILE = ProgressBarExperiment/Info.plist;
				LD_RUNPATH_SEARCH_PATHS = "$(inherited) @executable_path/Frameworks";
				PRODUCT_BUNDLE_IDENTIFIER = com.Murphlab.ProgressBarExperiment;
				PRODUCT_NAME = "$(TARGET_NAME)";
			};
			name = Debug;
		};
		BEBB0FB81D10E7B100F459D9 /* Release */ = {
			isa = XCBuildConfiguration;
			buildSettings = {
				ASSETCATALOG_COMPILER_APPICON_NAME = AppIcon;
				INFOPLIST_FILE = ProgressBarExperiment/Info.plist;
				LD_RUNPATH_SEARCH_PATHS = "$(inherited) @executable_path/Frameworks";
				PRODUCT_BUNDLE_IDENTIFIER = com.Murphlab.ProgressBarExperiment;
				PRODUCT_NAME = "$(TARGET_NAME)";
			};
			name = Release;
		};
/* End XCBuildConfiguration section */

/* Begin XCConfigurationList section */
		BEBB0F9A1D10E7B000F459D9 /* Build configuration list for PBXProject "ProgressBarExperiment" */ = {
			isa = XCConfigurationList;
			buildConfigurations = (
				BEBB0FB41D10E7B100F459D9 /* Debug */,
				BEBB0FB51D10E7B100F459D9 /* Release */,
			);
			defaultConfigurationIsVisible = 0;
			defaultConfigurationName = Release;
		};
		BEBB0FB61D10E7B100F459D9 /* Build configuration list for PBXNativeTarget "ProgressBarExperiment" */ = {
			isa = XCConfigurationList;
			buildConfigurations = (
				BEBB0FB71D10E7B100F459D9 /* Debug */,
				BEBB0FB81D10E7B100F459D9 /* Release */,
			);
			defaultConfigurationIsVisible = 0;
		};
/* End XCConfigurationList section */
	};
	rootObject = BEBB0F971D10E7B000F459D9 /* Project object */;
}
